hash: 2b03c2a7118b217f226d55935bfec419e29ed8aac8ae32868936c2ac6914b5cd
updated: 2017-06-14T11:36:04.165266894-07:00
imports:
- name: github.com/felixge/httpsnoop
  version: 1c94779cf9e8761ec6acd2a8a2596df5a0a14136
- name: github.com/Nordstrom/ctrace-go
  version: 24d30da391178ff535c8ec20b2eb54b8d232469f
  subpackages:
  - ext
  - http
  - log
- name: github.com/opentracing/opentracing-go
  version: 1949ddbfd147afd4d964a9f00b24eb291e0e7c38
  subpackages:
  - log
- name: golang.org/x/net
  version: dfe83d419c9403b40b19d08cdba2afec27b002f7
  subpackages:
  - context
testImports: []
